
Microsoft Visual Studio Solution File, Format Version 12.00
# Visual Studio Version 17
VisualStudioVersion = 17.5.33502.453
MinimumVisualStudioVersion = 10.0.40219.1
Project("{FAE04EC0-301F-11D3-BF4B-00C04F79EFBC}") = "ForRest", "ForRest\ForRest.csproj", "{BB10160B-5441-44C2-9F8D-C9626F431D50}"
EndProject
Global
	GlobalSection(SolutionConfigurationPlatforms) = preSolution
		Debug|Any CPU = Debug|Any CPU
		Release|Any CPU = Release|Any CPU
	EndGlobalSection
	GlobalSection(ProjectConfigurationPlatforms) = postSolution
		{BB10160B-5441-44C2-9F8D-C9626F431D50}.Debug|Any CPU.ActiveCfg = Debug|Any CPU
		{BB10160B-5441-44C2-9F8D-C9626F431D50}.Debug|Any CPU.Build.0 = Debug|Any CPU
		{BB10160B-5441-44C2-9F8D-C9626F431D50}.Release|Any CPU.ActiveCfg = Release|Any CPU
		{BB10160B-5441-44C2-9F8D-C9626F431D50}.Release|Any CPU.Build.0 = Release|Any CPU
	EndGlobalSection
	GlobalSection(SolutionProperties) = preSolution
		HideSolutionNode = FALSE
	EndGlobalSection
	GlobalSection(ExtensibilityGlobals) = postSolution
		SolutionGuid = {E5DE7C42-BE26-4C3B-A2BC-C9D5D784279C}
	EndGlobalSection
EndGlobal
